{
  "requires": true,
  "lockfileVersion": 1,
  "dependencies": {
    "js-base64": {
      "version": "3.4.5",
      "resolved": "https://registry.npmjs.org/js-base64/-/js-base64-3.4.5.tgz",
      "integrity": "sha512-Ub/AANierdcT8nm4ndBn3KzpZQ3MdHX4a+bwoVdjgeHCZ0ZEcP+UB4nmR4Z5lR6SH3Y+qAPmgVR0RxKJNHNHEg=="
    }
  }
}
